
Microsoft Visual Studio Solution File, Format Version 12.00
# Visual Studio 15
VisualStudioVersion = 15.0.28307.852
MinimumVisualStudioVersion = 10.0.40219.1
Project("{FAE04EC0-301F-11D3-BF4B-00C04F79EFBC}") = "IdentityAPI", "IdentityAPI\IdentityAPI.csproj", "{D78DC3D2-1F26-4CB7-9A45-09227FD6BA79}"
EndProject
Global
	GlobalSection(SolutionConfigurationPlatforms) = preSolution
		Debug|Any CPU = Debug|Any CPU
		Release|Any CPU = Release|Any CPU
	EndGlobalSection
	GlobalSection(ProjectConfigurationPlatforms) = postSolution
		{D78DC3D2-1F26-4CB7-9A45-09227FD6BA79}.Debug|Any CPU.ActiveCfg = Debug|Any CPU
		{D78DC3D2-1F26-4CB7-9A45-09227FD6BA79}.Debug|Any CPU.Build.0 = Debug|Any CPU
		{D78DC3D2-1F26-4CB7-9A45-09227FD6BA79}.Release|Any CPU.ActiveCfg = Release|Any CPU
		{D78DC3D2-1F26-4CB7-9A45-09227FD6BA79}.Release|Any CPU.Build.0 = Release|Any CPU
	EndGlobalSection
	GlobalSection(SolutionProperties) = preSolution
		HideSolutionNode = FALSE
	EndGlobalSection
	GlobalSection(ExtensibilityGlobals) = postSolution
		SolutionGuid = {0CCC03A1-E40E-4EF7-9BB1-69C52F6E2C99}
	EndGlobalSection
EndGlobal
